
Microsoft Visual Studio Solution File, Format Version 12.00
# Visual Studio 2012
Project("{FAE04EC0-301F-11D3-BF4B-00C04F79EFBC}") = "RgbToSpectrum", "RgbToSpectrum.csproj", "{B4F2C01A-C3EF-411A-A4CA-540DBD828566}"
	ProjectSection(ProjectDependencies) = postProject
		{B7CAE5F4-A23F-4438-B5BE-41226618B695} = {B7CAE5F4-A23F-4438-B5BE-41226618B695}
	EndProjectSection
EndProject
Project("{FAE04EC0-301F-11D3-BF4B-00C04F79EFBC}") = "Numerics", "..\mathnet-numerics\src\Numerics\Numerics.csproj", "{B7CAE5F4-A23F-4438-B5BE-41226618B695}"
EndProject
Global
	GlobalSection(SolutionConfigurationPlatforms) = preSolution
		Debug|Any CPU = Debug|Any CPU
		Release|Any CPU = Release|Any CPU
		Release-Signed|Any CPU = Release-Signed|Any CPU
	EndGlobalSection
	GlobalSection(ProjectConfigurationPlatforms) = postSolution
		{B4F2C01A-C3EF-411A-A4CA-540DBD828566}.Debug|Any CPU.ActiveCfg = Debug|Any CPU
		{B4F2C01A-C3EF-411A-A4CA-540DBD828566}.Debug|Any CPU.Build.0 = Debug|Any CPU
		{B4F2C01A-C3EF-411A-A4CA-540DBD828566}.Release|Any CPU.ActiveCfg = Release|Any CPU
		{B4F2C01A-C3EF-411A-A4CA-540DBD828566}.Release|Any CPU.Build.0 = Release|Any CPU
		{B4F2C01A-C3EF-411A-A4CA-540DBD828566}.Release-Signed|Any CPU.ActiveCfg = Release|Any CPU
		{B4F2C01A-C3EF-411A-A4CA-540DBD828566}.Release-Signed|Any CPU.Build.0 = Release|Any CPU
		{B7CAE5F4-A23F-4438-B5BE-41226618B695}.Debug|Any CPU.ActiveCfg = Debug|Any CPU
		{B7CAE5F4-A23F-4438-B5BE-41226618B695}.Debug|Any CPU.Build.0 = Debug|Any CPU
		{B7CAE5F4-A23F-4438-B5BE-41226618B695}.Release|Any CPU.ActiveCfg = Release|Any CPU
		{B7CAE5F4-A23F-4438-B5BE-41226618B695}.Release|Any CPU.Build.0 = Release|Any CPU
		{B7CAE5F4-A23F-4438-B5BE-41226618B695}.Release-Signed|Any CPU.ActiveCfg = Release-Signed|Any CPU
		{B7CAE5F4-A23F-4438-B5BE-41226618B695}.Release-Signed|Any CPU.Build.0 = Release-Signed|Any CPU
	EndGlobalSection
	GlobalSection(SolutionProperties) = preSolution
		HideSolutionNode = FALSE
	EndGlobalSection
EndGlobal
